
Microsoft Visual Studio Solution File, Format Version 12.00
# Visual Studio Version 17
VisualStudioVersion = 17.11.35303.130
MinimumVisualStudioVersion = 10.0.40219.1
Project("{9A19103F-16F7-4668-BE54-9A1E7A4F7556}") = "TCPChat", "TCPChat\TCPChat.csproj", "{91442ED4-D86B-48AC-8039-BAD1B36FFF9C}"
EndProject
Project("{FAE04EC0-301F-11D3-BF4B-00C04F79EFBC}") = "TCPClient", "TCPClient\TCPClient.csproj", "{6655E8D4-C160-41AB-AEDE-5943D1BA1AC7}"
EndProject
Global
	GlobalSection(SolutionConfigurationPlatforms) = preSolution
		Debug|Any CPU = Debug|Any CPU
		Release|Any CPU = Release|Any CPU
	EndGlobalSection
	GlobalSection(ProjectConfigurationPlatforms) = postSolution
		{91442ED4-D86B-48AC-8039-BAD1B36FFF9C}.Debug|Any CPU.ActiveCfg = Debug|Any CPU
		{91442ED4-D86B-48AC-8039-BAD1B36FFF9C}.Debug|Any CPU.Build.0 = Debug|Any CPU
		{91442ED4-D86B-48AC-8039-BAD1B36FFF9C}.Release|Any CPU.ActiveCfg = Release|Any CPU
		{91442ED4-D86B-48AC-8039-BAD1B36FFF9C}.Release|Any CPU.Build.0 = Release|Any CPU
		{6655E8D4-C160-41AB-AEDE-5943D1BA1AC7}.Debug|Any CPU.ActiveCfg = Debug|Any CPU
		{6655E8D4-C160-41AB-AEDE-5943D1BA1AC7}.Debug|Any CPU.Build.0 = Debug|Any CPU
		{6655E8D4-C160-41AB-AEDE-5943D1BA1AC7}.Release|Any CPU.ActiveCfg = Release|Any CPU
		{6655E8D4-C160-41AB-AEDE-5943D1BA1AC7}.Release|Any CPU.Build.0 = Release|Any CPU
	EndGlobalSection
	GlobalSection(SolutionProperties) = preSolution
		HideSolutionNode = FALSE
	EndGlobalSection
	GlobalSection(ExtensibilityGlobals) = postSolution
		SolutionGuid = {FB69E7C6-175A-479B-8CD0-4B00FB6A93D6}
	EndGlobalSection
EndGlobal
